
Microsoft Visual Studio Solution File, Format Version 12.00
# Visual Studio Version 17
VisualStudioVersion = 17.14.36930.0 d17.14
MinimumVisualStudioVersion = 10.0.40219.1
Project("{FAE04EC0-301F-11D3-BF4B-00C04F79EFBC}") = "CVM_FinalProject", "CVM_FinalProject.csproj", "{A207A7DA-86DE-426D-91CF-1494E7BC202E}"
EndProject
Global
	GlobalSection(SolutionConfigurationPlatforms) = preSolution
		Debug|Any CPU = Debug|Any CPU
		Release|Any CPU = Release|Any CPU
	EndGlobalSection
	GlobalSection(ProjectConfigurationPlatforms) = postSolution
		{A207A7DA-86DE-426D-91CF-1494E7BC202E}.Debug|Any CPU.ActiveCfg = Debug|Any CPU
		{A207A7DA-86DE-426D-91CF-1494E7BC202E}.Debug|Any CPU.Build.0 = Debug|Any CPU
		{A207A7DA-86DE-426D-91CF-1494E7BC202E}.Release|Any CPU.ActiveCfg = Release|Any CPU
		{A207A7DA-86DE-426D-91CF-1494E7BC202E}.Release|Any CPU.Build.0 = Release|Any CPU
	EndGlobalSection
	GlobalSection(SolutionProperties) = preSolution
		HideSolutionNode = FALSE
	EndGlobalSection
	GlobalSection(ExtensibilityGlobals) = postSolution
		SolutionGuid = {6FA6ABDF-6A6E-45E5-A865-6DD58C6A288B}
	EndGlobalSection
EndGlobal
